// !$*UTF8*$!
{
	archiveVersion = 1;
	classes = {
	};
	objectVersion = 50;
	objects = {

/* Begin PBXBuildFile section */
		285F3ED6228B5DFE0077DAAB /* ViewController3.swift in Sources */ = {isa = PBXBuildFile; fileRef = 285F3ED5228B5DFE0077DAAB /* ViewController3.swift */; };
		285F3EDF228B66F10077DAAB /* PianoTiles.swift in Sources */ = {isa = PBXBuildFile; fileRef = 285F3EDE228B66F10077DAAB /* PianoTiles.swift */; };
		285F3EE1228B66FD0077DAAB /* Tile.swift in Sources */ = {isa = PBXBuildFile; fileRef = 285F3EE0228B66FD0077DAAB /* Tile.swift */; };
		285F3EE5228B67760077DAAB /* Column.swift in Sources */ = {isa = PBXBuildFile; fileRef = 285F3EE4228B67760077DAAB /* Column.swift */; };
		289166312283527D00DDA22E /* AppDelegate.swift in Sources */ = {isa = PBXBuildFile; fileRef = 289166302283527D00DDA22E /* AppDelegate.swift */; };
		289166332283527D00DDA22E /* ViewController.swift in Sources */ = {isa = PBXBuildFile; fileRef = 289166322283527D00DDA22E /* ViewController.swift */; };
		289166362283527D00DDA22E /* Main.storyboard in Resources */ = {isa = PBXBuildFile; fileRef = 289166342283527D00DDA22E /* Main.storyboard */; };
		289166382283527F00DDA22E /* Assets.xcassets in Resources */ = {isa = PBXBuildFile; fileRef = 289166372283527F00DDA22E /* Assets.xcassets */; };
		289166462283527F00DDA22E /* RockPaperScissorsTests.swift in Sources */ = {isa = PBXBuildFile; fileRef = 289166452283527F00DDA22E /* RockPaperScissorsTests.swift */; };
		2891665122835A8900DDA22E /* Player.swift in Sources */ = {isa = PBXBuildFile; fileRef = 2891665022835A8900DDA22E /* Player.swift */; };
		289166532283747B00DDA22E /* Board.swift in Sources */ = {isa = PBXBuildFile; fileRef = 289166522283747B00DDA22E /* Board.swift */; };
		289166552283763100DDA22E /* Game.swift in Sources */ = {isa = PBXBuildFile; fileRef = 289166542283763100DDA22E /* Game.swift */; };
		28AF3513228B46C3004FC68D /* ViewController2.swift in Sources */ = {isa = PBXBuildFile; fileRef = 28AF3512228B46C2004FC68D /* ViewController2.swift */; };
/* End PBXBuildFile section */

/* Begin PBXContainerItemProxy section */
		289166422283527F00DDA22E /* PBXContainerItemProxy */ = {
			isa = PBXContainerItemProxy;
			containerPortal = 289166252283527D00DDA22E /* Project object */;
			proxyType = 1;
			remoteGlobalIDString = 2891662C2283527D00DDA22E;
			remoteInfo = RockPaperScissors;
		};
/* End PBXContainerItemProxy section */

/* Begin PBXFileReference section */
		285F3ED5228B5DFE0077DAAB /* ViewController3.swift */ = {isa = PBXFileReference; lastKnownFileType = sourcecode.swift; path = ViewController3.swift; sourceTree = "<group>"; };
		285F3EDE228B66F10077DAAB /* PianoTiles.swift */ = {isa = PBXFileReference; lastKnownFileType = sourcecode.swift; path = PianoTiles.swift; sourceTree = "<group>"; };
		285F3EE0228B66FD0077DAAB /* Tile.swift */ = {isa = PBXFileReference; lastKnownFileType = sourcecode.swift; path = Tile.swift; sourceTree = "<group>"; };
		285F3EE4228B67760077DAAB /* Column.swift */ = {isa = PBXFileReference; lastKnownFileType = sourcecode.swift; path = Column.swift; sourceTree = "<group>"; };
		2891662D2283527D00DDA22E /* RockPaperScissors.app */ = {isa = PBXFileReference; explicitFileType = wrapper.application; includeInIndex = 0; path = RockPaperScissors.app; sourceTree = BUILT_PRODUCTS_DIR; };
		289166302283527D00DDA22E /* AppDelegate.swift */ = {isa = PBXFileReference; lastKnownFileType = sourcecode.swift; path = AppDelegate.swift; sourceTree = "<group>"; };
		289166322283527D00DDA22E /* ViewController.swift */ = {isa = PBXFileReference; lastKnownFileType = sourcecode.swift; path = ViewController.swift; sourceTree = "<group>"; };
		289166352283527D00DDA22E /* Base */ = {isa = PBXFileReference; lastKnownFileType = file.storyboard; name = Base; path = Base.lproj/Main.storyboard; sourceTree = "<group>"; };
		289166372283527F00DDA22E /* Assets.xcassets */ = {isa = PBXFileReference; lastKnownFileType = folder.assetcatalog; path = Assets.xcassets; sourceTree = "<group>"; };
		2891663C2283527F00DDA22E /* Info.plist */ = {isa = PBXFileReference; lastKnownFileType = text.plist.xml; path = Info.plist; sourceTree = "<group>"; };
		289166412283527F00DDA22E /* RockPaperScissorsTests.xctest */ = {isa = PBXFileReference; explicitFileType = wrapper.cfbundle; includeInIndex = 0; path = RockPaperScissorsTests.xctest; sourceTree = BUILT_PRODUCTS_DIR; };
		289166452283527F00DDA22E /* RockPaperScissorsTests.swift */ = {isa = PBXFileReference; lastKnownFileType = sourcecode.swift; path = RockPaperScissorsTests.swift; sourceTree = "<group>"; };
		289166472283527F00DDA22E /* Info.plist */ = {isa = PBXFileReference; lastKnownFileType = text.plist.xml; path = Info.plist; sourceTree = "<group>"; };
		2891665022835A8900DDA22E /* Player.swift */ = {isa = PBXFileReference; lastKnownFileType = sourcecode.swift; path = Player.swift; sourceTree = "<group>"; };
		289166522283747B00DDA22E /* Board.swift */ = {isa = PBXFileReference; lastKnownFileType = sourcecode.swift; path = Board.swift; sourceTree = "<group>"; };
		289166542283763100DDA22E /* Game.swift */ = {isa = PBXFileReference; lastKnownFileType = sourcecode.swift; path = Game.swift; sourceTree = "<group>"; };
		28AF3512228B46C2004FC68D /* ViewController2.swift */ = {isa = PBXFileReference; lastKnownFileType = sourcecode.swift; path = ViewController2.swift; sourceTree = "<group>"; };
/* End PBXFileReference section */

/* Begin PBXFrameworksBuildPhase section */
		2891662A2283527D00DDA22E /* Frameworks */ = {
			isa = PBXFrameworksBuildPhase;
			buildActionMask = 2147483647;
			files = (
			);
			runOnlyForDeploymentPostprocessing = 0;
		};
		2891663E2283527F00DDA22E /* Frameworks */ = {
			isa = PBXFrameworksBuildPhase;
			buildActionMask = 2147483647;
			files = (
			);
			runOnlyForDeploymentPostprocessing = 0;
		};
/* End PBXFrameworksBuildPhase section */

/* Begin PBXGroup section */
		285F3EDD228B66DC0077DAAB /* Piano Tiles */ = {
			isa = PBXGroup;
			children = (
				285F3EDE228B66F10077DAAB /* PianoTiles.swift */,
				285F3EE0228B66FD0077DAAB /* Tile.swift */,
				285F3ED5228B5DFE0077DAAB /* ViewController3.swift */,
				285F3EE4228B67760077DAAB /* Column.swift */,
			);
			path = "Piano Tiles";
			sourceTree = "<group>";
		};
		289166242283527D00DDA22E = {
			isa = PBXGroup;
			children = (
				285F3EDD228B66DC0077DAAB /* Piano Tiles */,
				2891662F2283527D00DDA22E /* RockPaperScissors */,
				289166442283527F00DDA22E /* RockPaperScissorsTests */,
				2891662E2283527D00DDA22E /* Products */,
			);
			sourceTree = "<group>";
		};
		2891662E2283527D00DDA22E /* Products */ = {
			isa = PBXGroup;
			children = (
				2891662D2283527D00DDA22E /* RockPaperScissors.app */,
				289166412283527F00DDA22E /* RockPaperScissorsTests.xctest */,
			);
			name = Products;
			sourceTree = "<group>";
		};
		2891662F2283527D00DDA22E /* RockPaperScissors */ = {
			isa = PBXGroup;
			children = (
				289166302283527D00DDA22E /* AppDelegate.swift */,
				289166322283527D00DDA22E /* ViewController.swift */,
				289166522283747B00DDA22E /* Board.swift */,
				2891665022835A8900DDA22E /* Player.swift */,
				289166542283763100DDA22E /* Game.swift */,
				289166342283527D00DDA22E /* Main.storyboard */,
				289166372283527F00DDA22E /* Assets.xcassets */,
				2891663C2283527F00DDA22E /* Info.plist */,
				28AF3512228B46C2004FC68D /* ViewController2.swift */,
			);
			path = RockPaperScissors;
			sourceTree = "<group>";
		};
		289166442283527F00DDA22E /* RockPaperScissorsTests */ = {
			isa = PBXGroup;
			children = (
				289166452283527F00DDA22E /* RockPaperScissorsTests.swift */,
				289166472283527F00DDA22E /* Info.plist */,
			);
			path = RockPaperScissorsTests;
			sourceTree = "<group>";
		};
/* End PBXGroup section */

/* Begin PBXNativeTarget section */
		2891662C2283527D00DDA22E /* RockPaperScissors */ = {
			isa = PBXNativeTarget;
			buildConfigurationList = 2891664A2283527F00DDA22E /* Build configuration list for PBXNativeTarget "RockPaperScissors" */;
			buildPhases = (
				289166292283527D00DDA22E /* Sources */,
				2891662A2283527D00DDA22E /* Frameworks */,
				2891662B2283527D00DDA22E /* Resources */,
			);
			buildRules = (
			);
			dependencies = (
			);
			name = RockPaperScissors;
			productName = RockPaperScissors;
			productReference = 2891662D2283527D00DDA22E /* RockPaperScissors.app */;
			productType = "com.apple.product-type.application";
		};
		289166402283527F00DDA22E /* RockPaperScissorsTests */ = {
			isa = PBXNativeTarget;
			buildConfigurationList = 2891664D2283527F00DDA22E /* Build configuration list for PBXNativeTarget "RockPaperScissorsTests" */;
			buildPhases = (
				2891663D2283527F00DDA22E /* Sources */,
				2891663E2283527F00DDA22E /* Frameworks */,
				2891663F2283527F00DDA22E /* Resources */,
			);
			buildRules = (
			);
			dependencies = (
				289166432283527F00DDA22E /* PBXTargetDependency */,
			);
			name = RockPaperScissorsTests;
			productName = RockPaperScissorsTests;
			productReference = 289166412283527F00DDA22E /* RockPaperScissorsTests.xctest */;
			productType = "com.apple.product-type.bundle.unit-test";
		};
/* End PBXNativeTarget section */

/* Begin PBXProject section */
		289166252283527D00DDA22E /* Project object */ = {
			isa = PBXProject;
			attributes = {
				LastSwiftUpdateCheck = 0940;
				LastUpgradeCheck = 0940;
				ORGANIZATIONNAME = "Samantha Leung";
				TargetAttributes = {
					2891662C2283527D00DDA22E = {
						CreatedOnToolsVersion = 9.4.1;
					};
					289166402283527F00DDA22E = {
						CreatedOnToolsVersion = 9.4.1;
						TestTargetID = 2891662C2283527D00DDA22E;
					};
				};
			};
			buildConfigurationList = 289166282283527D00DDA22E /* Build configuration list for PBXProject "RockPaperScissors" */;
			compatibilityVersion = "Xcode 9.3";
			developmentRegion = en;
			hasScannedForEncodings = 0;
			knownRegions = (
				en,
				Base,
			);
			mainGroup = 289166242283527D00DDA22E;
			productRefGroup = 2891662E2283527D00DDA22E /* Products */;
			projectDirPath = "";
			projectRoot = "";
			targets = (
				2891662C2283527D00DDA22E /* RockPaperScissors */,
				289166402283527F00DDA22E /* RockPaperScissorsTests */,
			);
		};
/* End PBXProject section */

/* Begin PBXResourcesBuildPhase section */
		2891662B2283527D00DDA22E /* Resources */ = {
			isa = PBXResourcesBuildPhase;
			buildActionMask = 2147483647;
			files = (
				289166382283527F00DDA22E /* Assets.xcassets in Resources */,
				289166362283527D00DDA22E /* Main.storyboard in Resources */,
			);
			runOnlyForDeploymentPostprocessing = 0;
		};
		2891663F2283527F00DDA22E /* Resources */ = {
			isa = PBXResourcesBuildPhase;
			buildActionMask = 2147483647;
			files = (
			);
			runOnlyForDeploymentPostprocessing = 0;
		};
/* End PBXResourcesBuildPhase section */

/* Begin PBXSourcesBuildPhase section */
		289166292283527D00DDA22E /* Sources */ = {
			isa = PBXSourcesBuildPhase;
			buildActionMask = 2147483647;
			files = (
				289166332283527D00DDA22E /* ViewController.swift in Sources */,
				289166552283763100DDA22E /* Game.swift in Sources */,
				285F3EE1228B66FD0077DAAB /* Tile.swift in Sources */,
				285F3EE5228B67760077DAAB /* Column.swift in Sources */,
				2891665122835A8900DDA22E /* Player.swift in Sources */,
				285F3EDF228B66F10077DAAB /* PianoTiles.swift in Sources */,
				289166532283747B00DDA22E /* Board.swift in Sources */,
				289166312283527D00DDA22E /* AppDelegate.swift in Sources */,
				285F3ED6228B5DFE0077DAAB /* ViewController3.swift in Sources */,
				28AF3513228B46C3004FC68D /* ViewController2.swift in Sources */,
			);
			runOnlyForDeploymentPostprocessing = 0;
		};
		2891663D2283527F00DDA22E /* Sources */ = {
			isa = PBXSourcesBuildPhase;
			buildActionMask = 2147483647;
			files = (
				289166462283527F00DDA22E /* RockPaperScissorsTests.swift in Sources */,
			);
			runOnlyForDeploymentPostprocessing = 0;
		};
/* End PBXSourcesBuildPhase section */

/* Begin PBXTargetDependency section */
		289166432283527F00DDA22E /* PBXTargetDependency */ = {
			isa = PBXTargetDependency;
			target = 2891662C2283527D00DDA22E /* RockPaperScissors */;
			targetProxy = 289166422283527F00DDA22E /* PBXContainerItemProxy */;
		};
/* End PBXTargetDependency section */

/* Begin PBXVariantGroup section */
		289166342283527D00DDA22E /* Main.storyboard */ = {
			isa = PBXVariantGroup;
			children = (
				289166352283527D00DDA22E /* Base */,
			);
			name = Main.storyboard;
			sourceTree = "<group>";
		};
/* End PBXVariantGroup section */

/* Begin XCBuildConfiguration section */
		289166482283527F00DDA22E /* Debug */ = {
			isa = XCBuildConfiguration;
			buildSettings = {
				ALWAYS_SEARCH_USER_PATHS = NO;
				CLANG_ANALYZER_NONNULL = YES;
				CLANG_ANALYZER_NUMBER_OBJECT_CONVERSION = YES_AGGRESSIVE;
				CLANG_CXX_LANGUAGE_STANDARD = "gnu++14";
				CLANG_CXX_LIBRARY = "libc++";
				CLANG_ENABLE_MODULES = YES;
				CLANG_ENABLE_OBJC_ARC = YES;
				CLANG_ENABLE_OBJC_WEAK = YES;
				CLANG_WARN_BLOCK_CAPTURE_AUTORELEASING = YES;
				CLANG_WARN_BOOL_CONVERSION = YES;
				CLANG_WARN_COMMA = YES;
				CLANG_WARN_CONSTANT_CONVERSION = YES;
				CLANG_WARN_DEPRECATED_OBJC_IMPLEMENTATIONS = YES;
				CLANG_WARN_DIRECT_OBJC_ISA_USAGE = YES_ERROR;
				CLANG_WARN_DOCUMENTATION_COMMENTS = YES;
				CLANG_WARN_EMPTY_BODY = YES;
				CLANG_WARN_ENUM_CONVERSION = YES;
				CLANG_WARN_INFINITE_RECURSION = YES;
				CLANG_WARN_INT_CONVERSION = YES;
				CLANG_WARN_NON_LITERAL_NULL_CONVERSION = YES;
				CLANG_WARN_OBJC_IMPLICIT_RETAIN_SELF = YES;
				CLANG_WARN_OBJC_LITERAL_CONVERSION = YES;
				CLANG_WARN_OBJC_ROOT_CLASS = YES_ERROR;
				CLANG_WARN_RANGE_LOOP_ANALYSIS = YES;
				CLANG_WARN_STRICT_PROTOTYPES = YES;
				CLANG_WARN_SUSPICIOUS_MOVE = YES;
				CLANG_WARN_UNGUARDED_AVAILABILITY = YES_AGGRESSIVE;
				CLANG_WARN_UNREACHABLE_CODE = YES;
				CLANG_WARN__DUPLICATE_METHOD_MATCH = YES;
				CODE_SIGN_IDENTITY = "iPhone Developer";
				COPY_PHASE_STRIP = NO;
				DEBUG_INFORMATION_FORMAT = dwarf;
				ENABLE_STRICT_OBJC_MSGSEND = YES;
				ENABLE_TESTABILITY = YES;
				GCC_C_LANGUAGE_STANDARD = gnu11;
				GCC_DYNAMIC_NO_PIC = NO;
				GCC_NO_COMMON_BLOCKS = YES;
				GCC_OPTIMIZATION_LEVEL = 0;
				GCC_PREPROCESSOR_DEFINITIONS = (
					"DEBUG=1",
					"$(inherited)",
				);
				GCC_WARN_64_TO_32_BIT_CONVERSION = YES;
				GCC_WARN_ABOUT_RETURN_TYPE = YES_ERROR;
				GCC_WARN_UNDECLARED_SELECTOR = YES;
				GCC_WARN_UNINITIALIZED_AUTOS = YES_AGGRESSIVE;
				GCC_WARN_UNUSED_FUNCTION = YES;
				GCC_WARN_UNUSED_VARIABLE = YES;
				IPHONEOS_DEPLOYMENT_TARGET = 11.4;
				MTL_ENABLE_DEBUG_INFO = YES;
				ONLY_ACTIVE_ARCH = YES;
				SDKROOT = iphoneos;
				SWIFT_ACTIVE_COMPILATION_CONDITIONS = DEBUG;
				SWIFT_OPTIMIZATION_LEVEL = "-Onone";
			};
			name = Debug;
		};
		289166492283527F00DDA22E /* Release */ = {
			isa = XCBuildConfiguration;
			buildSettings = {
				ALWAYS_SEARCH_USER_PATHS = NO;
				CLANG_ANALYZER_NONNULL = YES;
				CLANG_ANALYZER_NUMBER_OBJECT_CONVERSION = YES_AGGRESSIVE;
				CLANG_CXX_LANGUAGE_STANDARD = "gnu++14";
				CLANG_CXX_LIBRARY = "libc++";
				CLANG_ENABLE_MODULES = YES;
				CLANG_ENABLE_OBJC_ARC = YES;
				CLANG_ENABLE_OBJC_WEAK = YES;
				CLANG_WARN_BLOCK_CAPTURE_AUTORELEASING = YES;
				CLANG_WARN_BOOL_CONVERSION = YES;
				CLANG_WARN_COMMA = YES;
				CLANG_WARN_CONSTANT_CONVERSION = YES;
				CLANG_WARN_DEPRECATED_OBJC_IMPLEMENTATIONS = YES;
				CLANG_WARN_DIRECT_OBJC_ISA_USAGE = YES_ERROR;
				CLANG_WARN_DOCUMENTATION_COMMENTS = YES;
				CLANG_WARN_EMPTY_BODY = YES;
				CLANG_WARN_ENUM_CONVERSION = YES;
				CLANG_WARN_INFINITE_RECURSION = YES;
				CLANG_WARN_INT_CONVERSION = YES;
				CLANG_WARN_NON_LITERAL_NULL_CONVERSION = YES;
				CLANG_WARN_OBJC_IMPLICIT_RETAIN_SELF = YES;
				CLANG_WARN_OBJC_LITERAL_CONVERSION = YES;
				CLANG_WARN_OBJC_ROOT_CLASS = YES_ERROR;
				CLANG_WARN_RANGE_LOOP_ANALYSIS = YES;
				CLANG_WARN_STRICT_PROTOTYPES = YES;
				CLANG_WARN_SUSPICIOUS_MOVE = YES;
				CLANG_WARN_UNGUARDED_AVAILABILITY = YES_AGGRESSIVE;
				CLANG_WARN_UNREACHABLE_CODE = YES;
				CLANG_WARN__DUPLICATE_METHOD_MATCH = YES;
				CODE_SIGN_IDENTITY = "iPhone Developer";
				COPY_PHASE_STRIP = NO;
				DEBUG_INFORMATION_FORMAT = "dwarf-with-dsym";
				ENABLE_NS_ASSERTIONS = NO;
				ENABLE_STRICT_OBJC_MSGSEND = YES;
				GCC_C_LANGUAGE_STANDARD = gnu11;
				GCC_NO_COMMON_BLOCKS = YES;
				GCC_WARN_64_TO_32_BIT_CONVERSION = YES;
				GCC_WARN_ABOUT_RETURN_TYPE = YES_ERROR;
				GCC_WARN_UNDECLARED_SELECTOR = YES;
				GCC_WARN_UNINITIALIZED_AUTOS = YES_AGGRESSIVE;
				GCC_WARN_UNUSED_FUNCTION = YES;
				GCC_WARN_UNUSED_VARIABLE = YES;
				IPHONEOS_DEPLOYMENT_TARGET = 11.4;
				MTL_ENABLE_DEBUG_INFO = NO;
				SDKROOT = iphoneos;
				SWIFT_COMPILATION_MODE = wholemodule;
				SWIFT_OPTIMIZATION_LEVEL = "-O";
				VALIDATE_PRODUCT = YES;
			};
			name = Release;
		};
		2891664B2283527F00DDA22E /* Debug */ = {
			isa = XCBuildConfiguration;
			buildSettings = {
				ASSETCATALOG_COMPILER_APPICON_NAME = AppIcon;
				CODE_SIGN_STYLE = Automatic;
				DEVELOPMENT_TEAM = "";
				INFOPLIST_FILE = RockPaperScissors/Info.plist;
				LD_RUNPATH_SEARCH_PATHS = (
					"$(inherited)",
					"@executable_path/Frameworks",
				);
				PRODUCT_BUNDLE_IDENTIFIER = com.samantha.RockPaperScissors;
				PRODUCT_NAME = "$(TARGET_NAME)";
				SWIFT_VERSION = 4.0;
				TARGETED_DEVICE_FAMILY = "1,2";
			};
			name = Debug;
		};
		2891664C2283527F00DDA22E /* Release */ = {
			isa = XCBuildConfiguration;
			buildSettings = {
				ASSETCATALOG_COMPILER_APPICON_NAME = AppIcon;
				CODE_SIGN_STYLE = Automatic;
				DEVELOPMENT_TEAM = "";
				INFOPLIST_FILE = RockPaperScissors/Info.plist;
				LD_RUNPATH_SEARCH_PATHS = (
					"$(inherited)",
					"@executable_path/Frameworks",
				);
				PRODUCT_BUNDLE_IDENTIFIER = com.samantha.RockPaperScissors;
				PRODUCT_NAME = "$(TARGET_NAME)";
				SWIFT_VERSION = 4.0;
				TARGETED_DEVICE_FAMILY = "1,2";
			};
			name = Release;
		};
		2891664E2283527F00DDA22E /* Debug */ = {
			isa = XCBuildConfiguration;
			buildSettings = {
				ALWAYS_EMBED_SWIFT_STANDARD_LIBRARIES = YES;
				BUNDLE_LOADER = "$(TEST_HOST)";
				CODE_SIGN_STYLE = Automatic;
				INFOPLIST_FILE = RockPaperScissorsTests/Info.plist;
				LD_RUNPATH_SEARCH_PATHS = (
					"$(inherited)",
					"@executable_path/Frameworks",
					"@loader_path/Frameworks",
				);
				PRODUCT_BUNDLE_IDENTIFIER = com.samantha.RockPaperScissorsTests;
				PRODUCT_NAME = "$(TARGET_NAME)";
				SWIFT_VERSION = 4.0;
				TARGETED_DEVICE_FAMILY = "1,2";
				TEST_HOST = "$(BUILT_PRODUCTS_DIR)/RockPaperScissors.app/RockPaperScissors";
			};
			name = Debug;
		};
		2891664F2283527F00DDA22E /* Release */ = {
			isa = XCBuildConfiguration;
			buildSettings = {
				ALWAYS_EMBED_SWIFT_STANDARD_LIBRARIES = YES;
				BUNDLE_LOADER = "$(TEST_HOST)";
				CODE_SIGN_STYLE = Automatic;
				INFOPLIST_FILE = RockPaperScissorsTests/Info.plist;
				LD_RUNPATH_SEARCH_PATHS = (
					"$(inherited)",
					"@executable_path/Frameworks",
					"@loader_path/Frameworks",
				);
				PRODUCT_BUNDLE_IDENTIFIER = com.samantha.RockPaperScissorsTests;
				PRODUCT_NAME = "$(TARGET_NAME)";
				SWIFT_VERSION = 4.0;
				TARGETED_DEVICE_FAMILY = "1,2";
				TEST_HOST = "$(BUILT_PRODUCTS_DIR)/RockPaperScissors.app/RockPaperScissors";
			};
			name = Release;
		};
/* End XCBuildConfiguration section */

/* Begin XCConfigurationList section */
		289166282283527D00DDA22E /* Build configuration list for PBXProject "RockPaperScissors" */ = {
			isa = XCConfigurationList;
			buildConfigurations = (
				289166482283527F00DDA22E /* Debug */,
				289166492283527F00DDA22E /* Release */,
			);
			defaultConfigurationIsVisible = 0;
			defaultConfigurationName = Release;
		};
		2891664A2283527F00DDA22E /* Build configuration list for PBXNativeTarget "RockPaperScissors" */ = {
			isa = XCConfigurationList;
			buildConfigurations = (
				2891664B2283527F00DDA22E /* Debug */,
				2891664C2283527F00DDA22E /* Release */,
			);
			defaultConfigurationIsVisible = 0;
			defaultConfigurationName = Release;
		};
		2891664D2283527F00DDA22E /* Build configuration list for PBXNativeTarget "RockPaperScissorsTests" */ = {
			isa = XCConfigurationList;
			buildConfigurations = (
				2891664E2283527F00DDA22E /* Debug */,
				2891664F2283527F00DDA22E /* Release */,
			);
			defaultConfigurationIsVisible = 0;
			defaultConfigurationName = Release;
		};
/* End XCConfigurationList section */
	};
	rootObject = 289166252283527D00DDA22E /* Project object */;
}
